Microsoft Visual Studio Solution File, Format Version 11.00
# Visual Studio 2008

Project("{4F25E671-B2DD-FCA9-9BBE-5E23E0EEA029}") = "The Ascent of Deoko", "Assembly-CSharp.csproj", "{1F851B04-AC66-25FD-A0E2-F570FBA28BC8}"
EndProject
Global
	GlobalSection(SolutionConfigurationPlatforms) = preSolution
		Debug|Any CPU = Debug|Any CPU
		Release|Any CPU = Release|Any CPU
	EndGlobalSection
	GlobalSection(ProjectConfigurationPlatforms) = postSolution
		{1F851B04-AC66-25FD-A0E2-F570FBA28BC8}.Debug|Any CPU.ActiveCfg = Debug|Any CPU
		{1F851B04-AC66-25FD-A0E2-F570FBA28BC8}.Debug|Any CPU.Build.0 = Debug|Any CPU
		{1F851B04-AC66-25FD-A0E2-F570FBA28BC8}.Release|Any CPU.ActiveCfg = Release|Any CPU
		{1F851B04-AC66-25FD-A0E2-F570FBA28BC8}.Release|Any CPU.Build.0 = Release|Any CPU
	EndGlobalSection
	GlobalSection(SolutionProperties) = preSolution
		HideSolutionNode = FALSE
	EndGlobalSection
	GlobalSection(MonoDevelopProperties) = preSolution
		StartupItem = Assembly-CSharp.csproj
	EndGlobalSection
EndGlobal
